
Microsoft Visual Studio Solution File, Format Version 12.00
# Visual Studio Version 17
VisualStudioVersion = 17.14.37301.10
MinimumVisualStudioVersion = 10.0.40219.1
Project("{FAE04EC0-301F-11D3-BF4B-00C04F79EFBC}") = "Entidades", "Proyecto1\Entidades.csproj", "{79B39065-7B53-46EE-880A-AB7A4EFABEEB}"
EndProject
Project("{FAE04EC0-301F-11D3-BF4B-00C04F79EFBC}") = "Acceso", "Acceso\Acceso.csproj", "{2782B469-E58E-4383-9F78-7FDBBC3B7F6E}"
EndProject
Project("{FAE04EC0-301F-11D3-BF4B-00C04F79EFBC}") = "Logica", "Logica\Logica.csproj", "{8B78330B-8772-43B2-B48E-8529B7D99239}"
EndProject
Project("{FAE04EC0-301F-11D3-BF4B-00C04F79EFBC}") = "Presentaciones", "Presentaciones\Presentaciones.csproj", "{03784C8C-B2D6-4BB6-84A5-40E3EF4F5CFD}"
EndProject
Global
	GlobalSection(SolutionConfigurationPlatforms) = preSolution
		Debug|Any CPU = Debug|Any CPU
		Release|Any CPU = Release|Any CPU
	EndGlobalSection
	GlobalSection(ProjectConfigurationPlatforms) = postSolution
		{79B39065-7B53-46EE-880A-AB7A4EFABEEB}.Debug|Any CPU.ActiveCfg = Debug|Any CPU
		{79B39065-7B53-46EE-880A-AB7A4EFABEEB}.Debug|Any CPU.Build.0 = Debug|Any CPU
		{79B39065-7B53-46EE-880A-AB7A4EFABEEB}.Release|Any CPU.ActiveCfg = Release|Any CPU
		{79B39065-7B53-46EE-880A-AB7A4EFABEEB}.Release|Any CPU.Build.0 = Release|Any CPU
		{2782B469-E58E-4383-9F78-7FDBBC3B7F6E}.Debug|Any CPU.ActiveCfg = Debug|Any CPU
		{2782B469-E58E-4383-9F78-7FDBBC3B7F6E}.Debug|Any CPU.Build.0 = Debug|Any CPU
		{2782B469-E58E-4383-9F78-7FDBBC3B7F6E}.Release|Any CPU.ActiveCfg = Release|Any CPU
		{2782B469-E58E-4383-9F78-7FDBBC3B7F6E}.Release|Any CPU.Build.0 = Release|Any CPU
		{8B78330B-8772-43B2-B48E-8529B7D99239}.Debug|Any CPU.ActiveCfg = Debug|Any CPU
		{8B78330B-8772-43B2-B48E-8529B7D99239}.Debug|Any CPU.Build.0 = Debug|Any CPU
		{8B78330B-8772-43B2-B48E-8529B7D99239}.Release|Any CPU.ActiveCfg = Release|Any CPU
		{8B78330B-8772-43B2-B48E-8529B7D99239}.Release|Any CPU.Build.0 = Release|Any CPU
		{03784C8C-B2D6-4BB6-84A5-40E3EF4F5CFD}.Debug|Any CPU.ActiveCfg = Debug|Any CPU
		{03784C8C-B2D6-4BB6-84A5-40E3EF4F5CFD}.Debug|Any CPU.Build.0 = Debug|Any CPU
		{03784C8C-B2D6-4BB6-84A5-40E3EF4F5CFD}.Release|Any CPU.ActiveCfg = Release|Any CPU
		{03784C8C-B2D6-4BB6-84A5-40E3EF4F5CFD}.Release|Any CPU.Build.0 = Release|Any CPU
	EndGlobalSection
	GlobalSection(SolutionProperties) = preSolution
		HideSolutionNode = FALSE
	EndGlobalSection
	GlobalSection(ExtensibilityGlobals) = postSolution
		SolutionGuid = {FA195C13-E462-4C11-8B9C-8DCCFA5BFFAC}
	EndGlobalSection
EndGlobal
